{
  "name": "preact-repro-app",
  "version": "1.0.0",
  "lockfileVersion": 2,
  "requires": true,
  "packages": {
    "": {
      "version": "1.0.0",
      "dependencies": {
        "preact": "^10.5.14",
        "preact-repro-lib": "file:../preact-repro-lib"
      }
    },
    "../preact-repro-lib": {
      "version": "1.0.0",
      "dependencies": {
        "preact": "^10.5.14",
        "preact-render-to-string": "^5.1.19"
      }
    },
    "node_modules/preact": {
      "version": "10.5.14",
      "resolved": "https://registry.npmjs.org/preact/-/preact-10.5.14.tgz",
      "integrity": "sha512-KojoltCrshZ099ksUZ2OQKfbH66uquFoxHSbnwKbTJHeQNvx42EmC7wQVWNuDt6vC5s3nudRHFtKbpY4ijKlaQ==",
      "funding": {
        "type": "opencollective",
        "url": "https://opencollective.com/preact"
      }
    },
    "node_modules/preact-repro-lib": {
      "resolved": "../preact-repro-lib",
      "link": true
    }
  },
  "dependencies": {
    "preact": {
      "version": "10.5.14",
      "resolved": "https://registry.npmjs.org/preact/-/preact-10.5.14.tgz",
      "integrity": "sha512-KojoltCrshZ099ksUZ2OQKfbH66uquFoxHSbnwKbTJHeQNvx42EmC7wQVWNuDt6vC5s3nudRHFtKbpY4ijKlaQ=="
    },
    "preact-repro-lib": {
      "version": "file:../preact-repro-lib",
      "requires": {
        "preact": "^10.5.14",
        "preact-render-to-string": "^5.1.19"
      }
    }
  }
}
